
Microsoft Visual Studio Solution File, Format Version 12.00
# Visual Studio Version 16
VisualStudioVersion = 16.0.28809.33
MinimumVisualStudioVersion = 10.0.40219.1
Project("{9A19103F-16F7-4668-BE54-9A1E7A4F7556}") = "CapiControls", "CapiControls\CapiControls.csproj", "{0EBA53B5-A46E-46EC-83AD-74B17C4F7F72}"
EndProject
Project("{9A19103F-16F7-4668-BE54-9A1E7A4F7556}") = "CapiControls.Common", "CapiControls.Common\CapiControls.Common.csproj", "{DA6C17A6-206B-4197-B713-28B12DAD1BF3}"
EndProject
Project("{9A19103F-16F7-4668-BE54-9A1E7A4F7556}") = "CapiControls.DAL", "CapiControls.DAL\CapiControls.DAL.csproj", "{790CD117-CD8D-4F35-9970-6E2566B45914}"
EndProject
Project("{9A19103F-16F7-4668-BE54-9A1E7A4F7556}") = "CapiControls.BLL", "CapiControls.BLL\CapiControls.BLL.csproj", "{F67F178C-BF7B-4E3B-934B-D4A8311C580E}"
EndProject
Project("{9A19103F-16F7-4668-BE54-9A1E7A4F7556}") = "CapiControls.Web", "CapiControls.Web\CapiControls.Web.csproj", "{A601584A-49EF-42A3-BC35-645D769B5972}"
EndProject
Project("{9A19103F-16F7-4668-BE54-9A1E7A4F7556}") = "CapiControls.Controls", "CapiControls.Controls\CapiControls.Controls.csproj", "{935E85BC-D0E4-4CB4-AD4C-9016DE0CF76B}"
EndProject
Project("{FAE04EC0-301F-11D3-BF4B-00C04F79EFBC}") = "CapiControls.BLL.Tests", "CapiControls.BLL.Tests\CapiControls.BLL.Tests.csproj", "{6F866626-A05D-43F9-A1EA-FD3E08E41E60}"
EndProject
Global
	GlobalSection(SolutionConfigurationPlatforms) = preSolution
		Debug|Any CPU = Debug|Any CPU
		Release|Any CPU = Release|Any CPU
	EndGlobalSection
	GlobalSection(ProjectConfigurationPlatforms) = postSolution
		{0EBA53B5-A46E-46EC-83AD-74B17C4F7F72}.Debug|Any CPU.ActiveCfg = Debug|Any CPU
		{0EBA53B5-A46E-46EC-83AD-74B17C4F7F72}.Debug|Any CPU.Build.0 = Debug|Any CPU
		{0EBA53B5-A46E-46EC-83AD-74B17C4F7F72}.Release|Any CPU.ActiveCfg = Release|Any CPU
		{0EBA53B5-A46E-46EC-83AD-74B17C4F7F72}.Release|Any CPU.Build.0 = Release|Any CPU
		{DA6C17A6-206B-4197-B713-28B12DAD1BF3}.Debug|Any CPU.ActiveCfg = Debug|Any CPU
		{DA6C17A6-206B-4197-B713-28B12DAD1BF3}.Debug|Any CPU.Build.0 = Debug|Any CPU
		{DA6C17A6-206B-4197-B713-28B12DAD1BF3}.Release|Any CPU.ActiveCfg = Release|Any CPU
		{DA6C17A6-206B-4197-B713-28B12DAD1BF3}.Release|Any CPU.Build.0 = Release|Any CPU
		{790CD117-CD8D-4F35-9970-6E2566B45914}.Debug|Any CPU.ActiveCfg = Debug|Any CPU
		{790CD117-CD8D-4F35-9970-6E2566B45914}.Debug|Any CPU.Build.0 = Debug|Any CPU
		{790CD117-CD8D-4F35-9970-6E2566B45914}.Release|Any CPU.ActiveCfg = Release|Any CPU
		{790CD117-CD8D-4F35-9970-6E2566B45914}.Release|Any CPU.Build.0 = Release|Any CPU
		{F67F178C-BF7B-4E3B-934B-D4A8311C580E}.Debug|Any CPU.ActiveCfg = Debug|Any CPU
		{F67F178C-BF7B-4E3B-934B-D4A8311C580E}.Debug|Any CPU.Build.0 = Debug|Any CPU
		{F67F178C-BF7B-4E3B-934B-D4A8311C580E}.Release|Any CPU.ActiveCfg = Release|Any CPU
		{F67F178C-BF7B-4E3B-934B-D4A8311C580E}.Release|Any CPU.Build.0 = Release|Any CPU
		{A601584A-49EF-42A3-BC35-645D769B5972}.Debug|Any CPU.ActiveCfg = Debug|Any CPU
		{A601584A-49EF-42A3-BC35-645D769B5972}.Debug|Any CPU.Build.0 = Debug|Any CPU
		{A601584A-49EF-42A3-BC35-645D769B5972}.Release|Any CPU.ActiveCfg = Release|Any CPU
		{A601584A-49EF-42A3-BC35-645D769B5972}.Release|Any CPU.Build.0 = Release|Any CPU
		{935E85BC-D0E4-4CB4-AD4C-9016DE0CF76B}.Debug|Any CPU.ActiveCfg = Debug|Any CPU
		{935E85BC-D0E4-4CB4-AD4C-9016DE0CF76B}.Debug|Any CPU.Build.0 = Debug|Any CPU
		{935E85BC-D0E4-4CB4-AD4C-9016DE0CF76B}.Release|Any CPU.ActiveCfg = Release|Any CPU
		{935E85BC-D0E4-4CB4-AD4C-9016DE0CF76B}.Release|Any CPU.Build.0 = Release|Any CPU
		{6F866626-A05D-43F9-A1EA-FD3E08E41E60}.Debug|Any CPU.ActiveCfg = Debug|Any CPU
		{6F866626-A05D-43F9-A1EA-FD3E08E41E60}.Debug|Any CPU.Build.0 = Debug|Any CPU
		{6F866626-A05D-43F9-A1EA-FD3E08E41E60}.Release|Any CPU.ActiveCfg = Release|Any CPU
		{6F866626-A05D-43F9-A1EA-FD3E08E41E60}.Release|Any CPU.Build.0 = Release|Any CPU
	EndGlobalSection
	GlobalSection(SolutionProperties) = preSolution
		HideSolutionNode = FALSE
	EndGlobalSection
	GlobalSection(ExtensibilityGlobals) = postSolution
		SolutionGuid = {0C1CB361-D44F-4264-9DA3-068F750BCACA}
	EndGlobalSection
EndGlobal
